
Microsoft Visual Studio Solution File, Format Version 12.00
# Visual Studio Version 17
VisualStudioVersion = 17.14.36301.6
MinimumVisualStudioVersion = 10.0.40219.1
Project("{FAE04EC0-301F-11D3-BF4B-00C04F79EFBC}") = "PostEdit", "PostEdit.csproj", "{614366CB-C8D9-40DB-AC4D-BEF57374A0F6}"
EndProject
Global
	GlobalSection(SolutionConfigurationPlatforms) = preSolution
		Debug|Any CPU = Debug|Any CPU
		Release|Any CPU = Release|Any CPU
	EndGlobalSection
	GlobalSection(ProjectConfigurationPlatforms) = postSolution
		{614366CB-C8D9-40DB-AC4D-BEF57374A0F6}.Debug|Any CPU.ActiveCfg = Debug|Any CPU
		{614366CB-C8D9-40DB-AC4D-BEF57374A0F6}.Debug|Any CPU.Build.0 = Debug|Any CPU
		{614366CB-C8D9-40DB-AC4D-BEF57374A0F6}.Release|Any CPU.ActiveCfg = Release|Any CPU
		{614366CB-C8D9-40DB-AC4D-BEF57374A0F6}.Release|Any CPU.Build.0 = Release|Any CPU
	EndGlobalSection
	GlobalSection(SolutionProperties) = preSolution
		HideSolutionNode = FALSE
	EndGlobalSection
	GlobalSection(ExtensibilityGlobals) = postSolution
		SolutionGuid = {96ACCDF9-AE79-479C-9A08-FF2BCEDFE0F0}
	EndGlobalSection
EndGlobal
